
Microsoft Visual Studio Solution File, Format Version 12.00
# Visual Studio Version 17
VisualStudioVersion = 17.9.34728.123
MinimumVisualStudioVersion = 10.0.40219.1
Project("{9A19103F-16F7-4668-BE54-9A1E7A4F7556}") = "MToDo", "MToDo\MToDo.csproj", "{491839B1-89B7-4E81-843C-3EF8C1659748}"
EndProject
Project("{FAE04EC0-301F-11D3-BF4B-00C04F79EFBC}") = "MToDo.Tests", "MToDo.Tests\MToDo.Tests.csproj", "{20117CFC-D7AA-4AD3-A2AB-B78B1228CA9C}"
EndProject
Global
	GlobalSection(SolutionConfigurationPlatforms) = preSolution
		Debug|Any CPU = Debug|Any CPU
		Release|Any CPU = Release|Any CPU
	EndGlobalSection
	GlobalSection(ProjectConfigurationPlatforms) = postSolution
		{491839B1-89B7-4E81-843C-3EF8C1659748}.Debug|Any CPU.ActiveCfg = Debug|Any CPU
		{491839B1-89B7-4E81-843C-3EF8C1659748}.Debug|Any CPU.Build.0 = Debug|Any CPU
		{491839B1-89B7-4E81-843C-3EF8C1659748}.Release|Any CPU.ActiveCfg = Release|Any CPU
		{491839B1-89B7-4E81-843C-3EF8C1659748}.Release|Any CPU.Build.0 = Release|Any CPU
		{20117CFC-D7AA-4AD3-A2AB-B78B1228CA9C}.Debug|Any CPU.ActiveCfg = Debug|Any CPU
		{20117CFC-D7AA-4AD3-A2AB-B78B1228CA9C}.Debug|Any CPU.Build.0 = Debug|Any CPU
		{20117CFC-D7AA-4AD3-A2AB-B78B1228CA9C}.Release|Any CPU.ActiveCfg = Release|Any CPU
		{20117CFC-D7AA-4AD3-A2AB-B78B1228CA9C}.Release|Any CPU.Build.0 = Release|Any CPU
	EndGlobalSection
	GlobalSection(SolutionProperties) = preSolution
		HideSolutionNode = FALSE
	EndGlobalSection
	GlobalSection(ExtensibilityGlobals) = postSolution
		SolutionGuid = {26E4154A-3212-403C-86A8-CBB4922D5B59}
	EndGlobalSection
EndGlobal
